// !$*UTF8*$!
{
	archiveVersion = 1;
	classes = {
	};
	objectVersion = 55;
	objects = {

/* Begin PBXBuildFile section */
		442A8F52281087BF00EFC52B /* AppDelegate.swift in Sources */ = {isa = PBXBuildFile; fileRef = 442A8F51281087BF00EFC52B /* AppDelegate.swift */; };
		442A8F54281087BF00EFC52B /* SceneDelegate.swift in Sources */ = {isa = PBXBuildFile; fileRef = 442A8F53281087BF00EFC52B /* SceneDelegate.swift */; };
		442A8F56281087BF00EFC52B /* ViewController.swift in Sources */ = {isa = PBXBuildFile; fileRef = 442A8F55281087BF00EFC52B /* ViewController.swift */; };
		442A8F59281087BF00EFC52B /* Main.storyboard in Resources */ = {isa = PBXBuildFile; fileRef = 442A8F57281087BF00EFC52B /* Main.storyboard */; };
		442A8F5B281087C000EFC52B /* Assets.xcassets in Resources */ = {isa = PBXBuildFile; fileRef = 442A8F5A281087C000EFC52B /* Assets.xcassets */; };
		442A8F5E281087C000EFC52B /* LaunchScreen.storyboard in Resources */ = {isa = PBXBuildFile; fileRef = 442A8F5C281087C000EFC52B /* LaunchScreen.storyboard */; };
		442A8F66281087E000EFC52B /* Yemekler.swift in Sources */ = {isa = PBXBuildFile; fileRef = 442A8F65281087E000EFC52B /* Yemekler.swift */; };
		442A8F68281089B300EFC52B /* hucreCell.swift in Sources */ = {isa = PBXBuildFile; fileRef = 442A8F67281089B300EFC52B /* hucreCell.swift */; };
		442A8F6A28109B4800EFC52B /* AdresVC.swift in Sources */ = {isa = PBXBuildFile; fileRef = 442A8F6928109B4800EFC52B /* AdresVC.swift */; };
/* End PBXBuildFile section */

/* Begin PBXFileReference section */
		442A8F4E281087BF00EFC52B /* siparisVer-Cell.app */ = {isa = PBXFileReference; explicitFileType = wrapper.application; includeInIndex = 0; path = "siparisVer-Cell.app"; sourceTree = BUILT_PRODUCTS_DIR; };
		442A8F51281087BF00EFC52B /* AppDelegate.swift */ = {isa = PBXFileReference; lastKnownFileType = sourcecode.swift; path = AppDelegate.swift; sourceTree = "<group>"; };
		442A8F53281087BF00EFC52B /* SceneDelegate.swift */ = {isa = PBXFileReference; lastKnownFileType = sourcecode.swift; path = SceneDelegate.swift; sourceTree = "<group>"; };
		442A8F55281087BF00EFC52B /* ViewController.swift */ = {isa = PBXFileReference; lastKnownFileType = sourcecode.swift; path = ViewController.swift; sourceTree = "<group>"; };
		442A8F58281087BF00EFC52B /* Base */ = {isa = PBXFileReference; lastKnownFileType = file.storyboard; name = Base; path = Base.lproj/Main.storyboard; sourceTree = "<group>"; };
		442A8F5A281087C000EFC52B /* Assets.xcassets */ = {isa = PBXFileReference; lastKnownFileType = folder.assetcatalog; path = Assets.xcassets; sourceTree = "<group>"; };
		442A8F5D281087C000EFC52B /* Base */ = {isa = PBXFileReference; lastKnownFileType = file.storyboard; name = Base; path = Base.lproj/LaunchScreen.storyboard; sourceTree = "<group>"; };
		442A8F5F281087C000EFC52B /* Info.plist */ = {isa = PBXFileReference; lastKnownFileType = text.plist.xml; path = Info.plist; sourceTree = "<group>"; };
		442A8F65281087E000EFC52B /* Yemekler.swift */ = {isa = PBXFileReference; lastKnownFileType = sourcecode.swift; path = Yemekler.swift; sourceTree = "<group>"; };
		442A8F67281089B300EFC52B /* hucreCell.swift */ = {isa = PBXFileReference; lastKnownFileType = sourcecode.swift; path = hucreCell.swift; sourceTree = "<group>"; };
		442A8F6928109B4800EFC52B /* AdresVC.swift */ = {isa = PBXFileReference; lastKnownFileType = sourcecode.swift; path = AdresVC.swift; sourceTree = "<group>"; };
/* End PBXFileReference section */

/* Begin PBXFrameworksBuildPhase section */
		442A8F4B281087BF00EFC52B /* Frameworks */ = {
			isa = PBXFrameworksBuildPhase;
			buildActionMask = 2147483647;
			files = (
			);
			runOnlyForDeploymentPostprocessing = 0;
		};
/* End PBXFrameworksBuildPhase section */

/* Begin PBXGroup section */
		442A8F45281087BF00EFC52B = {
			isa = PBXGroup;
			children = (
				442A8F50281087BF00EFC52B /* siparisVer-Cell */,
				442A8F4F281087BF00EFC52B /* Products */,
			);
			sourceTree = "<group>";
		};
		442A8F4F281087BF00EFC52B /* Products */ = {
			isa = PBXGroup;
			children = (
				442A8F4E281087BF00EFC52B /* siparisVer-Cell.app */,
			);
			name = Products;
			sourceTree = "<group>";
		};
		442A8F50281087BF00EFC52B /* siparisVer-Cell */ = {
			isa = PBXGroup;
			children = (
				442A8F51281087BF00EFC52B /* AppDelegate.swift */,
				442A8F53281087BF00EFC52B /* SceneDelegate.swift */,
				442A8F65281087E000EFC52B /* Yemekler.swift */,
				442A8F55281087BF00EFC52B /* ViewController.swift */,
				442A8F57281087BF00EFC52B /* Main.storyboard */,
				442A8F5A281087C000EFC52B /* Assets.xcassets */,
				442A8F5C281087C000EFC52B /* LaunchScreen.storyboard */,
				442A8F5F281087C000EFC52B /* Info.plist */,
				442A8F6928109B4800EFC52B /* AdresVC.swift */,
				442A8F67281089B300EFC52B /* hucreCell.swift */,
			);
			path = "siparisVer-Cell";
			sourceTree = "<group>";
		};
/* End PBXGroup section */

/* Begin PBXNativeTarget section */
		442A8F4D281087BF00EFC52B /* siparisVer-Cell */ = {
			isa = PBXNativeTarget;
			buildConfigurationList = 442A8F62281087C000EFC52B /* Build configuration list for PBXNativeTarget "siparisVer-Cell" */;
			buildPhases = (
				442A8F4A281087BF00EFC52B /* Sources */,
				442A8F4B281087BF00EFC52B /* Frameworks */,
				442A8F4C281087BF00EFC52B /* Resources */,
			);
			buildRules = (
			);
			dependencies = (
			);
			name = "siparisVer-Cell";
			productName = "siparisVer-Cell";
			productReference = 442A8F4E281087BF00EFC52B /* siparisVer-Cell.app */;
			productType = "com.apple.product-type.application";
		};
/* End PBXNativeTarget section */

/* Begin PBXProject section */
		442A8F46281087BF00EFC52B /* Project object */ = {
			isa = PBXProject;
			attributes = {
				BuildIndependentTargetsInParallel = 1;
				LastSwiftUpdateCheck = 1320;
				LastUpgradeCheck = 1320;
				TargetAttributes = {
					442A8F4D281087BF00EFC52B = {
						CreatedOnToolsVersion = 13.2.1;
					};
				};
			};
			buildConfigurationList = 442A8F49281087BF00EFC52B /* Build configuration list for PBXProject "siparisVer-Cell" */;
			compatibilityVersion = "Xcode 13.0";
			developmentRegion = en;
			hasScannedForEncodings = 0;
			knownRegions = (
				en,
				Base,
			);
			mainGroup = 442A8F45281087BF00EFC52B;
			productRefGroup = 442A8F4F281087BF00EFC52B /* Products */;
			projectDirPath = "";
			projectRoot = "";
			targets = (
				442A8F4D281087BF00EFC52B /* siparisVer-Cell */,
			);
		};
/* End PBXProject section */

/* Begin PBXResourcesBuildPhase section */
		442A8F4C281087BF00EFC52B /* Resources */ = {
			isa = PBXResourcesBuildPhase;
			buildActionMask = 2147483647;
			files = (
				442A8F5E281087C000EFC52B /* LaunchScreen.storyboard in Resources */,
				442A8F5B281087C000EFC52B /* Assets.xcassets in Resources */,
				442A8F59281087BF00EFC52B /* Main.storyboard in Resources */,
			);
			runOnlyForDeploymentPostprocessing = 0;
		};
/* End PBXResourcesBuildPhase section */

/* Begin PBXSourcesBuildPhase section */
		442A8F4A281087BF00EFC52B /* Sources */ = {
			isa = PBXSourcesBuildPhase;
			buildActionMask = 2147483647;
			files = (
				442A8F6A28109B4800EFC52B /* AdresVC.swift in Sources */,
				442A8F56281087BF00EFC52B /* ViewController.swift in Sources */,
				442A8F68281089B300EFC52B /* hucreCell.swift in Sources */,
				442A8F52281087BF00EFC52B /* AppDelegate.swift in Sources */,
				442A8F54281087BF00EFC52B /* SceneDelegate.swift in Sources */,
				442A8F66281087E000EFC52B /* Yemekler.swift in Sources */,
			);
			runOnlyForDeploymentPostprocessing = 0;
		};
/* End PBXSourcesBuildPhase section */

/* Begin PBXVariantGroup section */
		442A8F57281087BF00EFC52B /* Main.storyboard */ = {
			isa = PBXVariantGroup;
			children = (
				442A8F58281087BF00EFC52B /* Base */,
			);
			name = Main.storyboard;
			sourceTree = "<group>";
		};
		442A8F5C281087C000EFC52B /* LaunchScreen.storyboard */ = {
			isa = PBXVariantGroup;
			children = (
				442A8F5D281087C000EFC52B /* Base */,
			);
			name = LaunchScreen.storyboard;
			sourceTree = "<group>";
		};
/* End PBXVariantGroup section */

/* Begin XCBuildConfiguration section */
		442A8F60281087C000EFC52B /* Debug */ = {
			isa = XCBuildConfiguration;
			buildSettings = {
				ALWAYS_SEARCH_USER_PATHS = NO;
				CLANG_ANALYZER_NONNULL = YES;
				CLANG_ANALYZER_NUMBER_OBJECT_CONVERSION = YES_AGGRESSIVE;
				CLANG_CXX_LANGUAGE_STANDARD = "gnu++17";
				CLANG_CXX_LIBRARY = "libc++";
				CLANG_ENABLE_MODULES = YES;
				CLANG_ENABLE_OBJC_ARC = YES;
				CLANG_ENABLE_OBJC_WEAK = YES;
				CLANG_WARN_BLOCK_CAPTURE_AUTORELEASING = YES;
				CLANG_WARN_BOOL_CONVERSION = YES;
				CLANG_WARN_COMMA = YES;
				CLANG_WARN_CONSTANT_CONVERSION = YES;
				CLANG_WARN_DEPRECATED_OBJC_IMPLEMENTATIONS = YES;
				CLANG_WARN_DIRECT_OBJC_ISA_USAGE = YES_ERROR;
				CLANG_WARN_DOCUMENTATION_COMMENTS = YES;
				CLANG_WARN_EMPTY_BODY = YES;
				CLANG_WARN_ENUM_CONVERSION = YES;
				CLANG_WARN_INFINITE_RECURSION = YES;
				CLANG_WARN_INT_CONVERSION = YES;
				CLANG_WARN_NON_LITERAL_NULL_CONVERSION = YES;
				CLANG_WARN_OBJC_IMPLICIT_RETAIN_SELF = YES;
				CLANG_WARN_OBJC_LITERAL_CONVERSION = YES;
				CLANG_WARN_OBJC_ROOT_CLASS = YES_ERROR;
				CLANG_WARN_QUOTED_INCLUDE_IN_FRAMEWORK_HEADER = YES;
				CLANG_WARN_RANGE_LOOP_ANALYSIS = YES;
				CLANG_WARN_STRICT_PROTOTYPES = YES;
				CLANG_WARN_SUSPICIOUS_MOVE = YES;
				CLANG_WARN_UNGUARDED_AVAILABILITY = YES_AGGRESSIVE;
				CLANG_WARN_UNREACHABLE_CODE = YES;
				CLANG_WARN__DUPLICATE_METHOD_MATCH = YES;
				COPY_PHASE_STRIP = NO;
				DEBUG_INFORMATION_FORMAT = dwarf;
				ENABLE_STRICT_OBJC_MSGSEND = YES;
				ENABLE_TESTABILITY = YES;
				GCC_C_LANGUAGE_STANDARD = gnu11;
				GCC_DYNAMIC_NO_PIC = NO;
				GCC_NO_COMMON_BLOCKS = YES;
				GCC_OPTIMIZATION_LEVEL = 0;
				GCC_PREPROCESSOR_DEFINITIONS = (
					"DEBUG=1",
					"$(inherited)",
				);
				GCC_WARN_64_TO_32_BIT_CONVERSION = YES;
				GCC_WARN_ABOUT_RETURN_TYPE = YES_ERROR;
				GCC_WARN_UNDECLARED_SELECTOR = YES;
				GCC_WARN_UNINITIALIZED_AUTOS = YES_AGGRESSIVE;
				GCC_WARN_UNUSED_FUNCTION = YES;
				GCC_WARN_UNUSED_VARIABLE = YES;
				IPHONEOS_DEPLOYMENT_TARGET = 15.2;
				MTL_ENABLE_DEBUG_INFO = INCLUDE_SOURCE;
				MTL_FAST_MATH = YES;
				ONLY_ACTIVE_ARCH = YES;
				SDKROOT = iphoneos;
				SWIFT_ACTIVE_COMPILATION_CONDITIONS = DEBUG;
				SWIFT_OPTIMIZATION_LEVEL = "-Onone";
			};
			name = Debug;
		};
		442A8F61281087C000EFC52B /* Release */ = {
			isa = XCBuildConfiguration;
			buildSettings = {
				ALWAYS_SEARCH_USER_PATHS = NO;
				CLANG_ANALYZER_NONNULL = YES;
				CLANG_ANALYZER_NUMBER_OBJECT_CONVERSION = YES_AGGRESSIVE;
				CLANG_CXX_LANGUAGE_STANDARD = "gnu++17";
				CLANG_CXX_LIBRARY = "libc++";
				CLANG_ENABLE_MODULES = YES;
				CLANG_ENABLE_OBJC_ARC = YES;
				CLANG_ENABLE_OBJC_WEAK = YES;
				CLANG_WARN_BLOCK_CAPTURE_AUTORELEASING = YES;
				CLANG_WARN_BOOL_CONVERSION = YES;
				CLANG_WARN_COMMA = YES;
				CLANG_WARN_CONSTANT_CONVERSION = YES;
				CLANG_WARN_DEPRECATED_OBJC_IMPLEMENTATIONS = YES;
				CLANG_WARN_DIRECT_OBJC_ISA_USAGE = YES_ERROR;
				CLANG_WARN_DOCUMENTATION_COMMENTS = YES;
				CLANG_WARN_EMPTY_BODY = YES;
				CLANG_WARN_ENUM_CONVERSION = YES;
				CLANG_WARN_INFINITE_RECURSION = YES;
				CLANG_WARN_INT_CONVERSION = YES;
				CLANG_WARN_NON_LITERAL_NULL_CONVERSION = YES;
				CLANG_WARN_OBJC_IMPLICIT_RETAIN_SELF = YES;
				CLANG_WARN_OBJC_LITERAL_CONVERSION = YES;
				CLANG_WARN_OBJC_ROOT_CLASS = YES_ERROR;
				CLANG_WARN_QUOTED_INCLUDE_IN_FRAMEWORK_HEADER = YES;
				CLANG_WARN_RANGE_LOOP_ANALYSIS = YES;
				CLANG_WARN_STRICT_PROTOTYPES = YES;
				CLANG_WARN_SUSPICIOUS_MOVE = YES;
				CLANG_WARN_UNGUARDED_AVAILABILITY = YES_AGGRESSIVE;
				CLANG_WARN_UNREACHABLE_CODE = YES;
				CLANG_WARN__DUPLICATE_METHOD_MATCH = YES;
				COPY_PHASE_STRIP = NO;
				DEBUG_INFORMATION_FORMAT = "dwarf-with-dsym";
				ENABLE_NS_ASSERTIONS = NO;
				ENABLE_STRICT_OBJC_MSGSEND = YES;
				GCC_C_LANGUAGE_STANDARD = gnu11;
				GCC_NO_COMMON_BLOCKS = YES;
				GCC_WARN_64_TO_32_BIT_CONVERSION = YES;
				GCC_WARN_ABOUT_RETURN_TYPE = YES_ERROR;
				GCC_WARN_UNDECLARED_SELECTOR = YES;
				GCC_WARN_UNINITIALIZED_AUTOS = YES_AGGRESSIVE;
				GCC_WARN_UNUSED_FUNCTION = YES;
				GCC_WARN_UNUSED_VARIABLE = YES;
				IPHONEOS_DEPLOYMENT_TARGET = 15.2;
				MTL_ENABLE_DEBUG_INFO = NO;
				MTL_FAST_MATH = YES;
				SDKROOT = iphoneos;
				SWIFT_COMPILATION_MODE = wholemodule;
				SWIFT_OPTIMIZATION_LEVEL = "-O";
				VALIDATE_PRODUCT = YES;
			};
			name = Release;
		};
		442A8F63281087C000EFC52B /* Debug */ = {
			isa = XCBuildConfiguration;
			buildSettings = {
				ASSETCATALOG_COMPILER_APPICON_NAME = AppIcon;
				ASSETCATALOG_COMPILER_GLOBAL_ACCENT_COLOR_NAME = AccentColor;
				CODE_SIGN_STYLE = Automatic;
				CURRENT_PROJECT_VERSION = 1;
				DEVELOPMENT_TEAM = W7548MFZWQ;
				GENERATE_INFOPLIST_FILE = YES;
				INFOPLIST_FILE = "siparisVer-Cell/Info.plist";
				INFOPLIST_KEY_UIApplicationSupportsIndirectInputEvents = YES;
				INFOPLIST_KEY_UILaunchStoryboardName = LaunchScreen;
				INFOPLIST_KEY_UIMainStoryboardFile = Main;
				INFOPLIST_KEY_UISupportedInterfaceOrientations_iPad = "UIInterfaceOrientationPortrait UIInterfaceOrientationPortraitUpsideDown UIInterfaceOrientationLandscapeLeft UIInterfaceOrientationLandscapeRight";
				INFOPLIST_KEY_UISupportedInterfaceOrientations_iPhone = "UIInterfaceOrientationPortrait UIInterfaceOrientationLandscapeLeft UIInterfaceOrientationLandscapeRight";
				LD_RUNPATH_SEARCH_PATHS = (
					"$(inherited)",
					"@executable_path/Frameworks",
				);
				MARKETING_VERSION = 1.0;
				PRODUCT_BUNDLE_IDENTIFIER = "com.ismailackyurek.siparisVer-Cell";
				PRODUCT_NAME = "$(TARGET_NAME)";
				SWIFT_EMIT_LOC_STRINGS = YES;
				SWIFT_VERSION = 5.0;
				TARGETED_DEVICE_FAMILY = "1,2";
			};
			name = Debug;
		};
		442A8F64281087C000EFC52B /* Release */ = {
			isa = XCBuildConfiguration;
			buildSettings = {
				ASSETCATALOG_COMPILER_APPICON_NAME = AppIcon;
				ASSETCATALOG_COMPILER_GLOBAL_ACCENT_COLOR_NAME = AccentColor;
				CODE_SIGN_STYLE = Automatic;
				CURRENT_PROJECT_VERSION = 1;
				DEVELOPMENT_TEAM = W7548MFZWQ;
				GENERATE_INFOPLIST_FILE = YES;
				INFOPLIST_FILE = "siparisVer-Cell/Info.plist";
				INFOPLIST_KEY_UIApplicationSupportsIndirectInputEvents = YES;
				INFOPLIST_KEY_UILaunchStoryboardName = LaunchScreen;
				INFOPLIST_KEY_UIMainStoryboardFile = Main;
				INFOPLIST_KEY_UISupportedInterfaceOrientations_iPad = "UIInterfaceOrientationPortrait UIInterfaceOrientationPortraitUpsideDown UIInterfaceOrientationLandscapeLeft UIInterfaceOrientationLandscapeRight";
				INFOPLIST_KEY_UISupportedInterfaceOrientations_iPhone = "UIInterfaceOrientationPortrait UIInterfaceOrientationLandscapeLeft UIInterfaceOrientationLandscapeRight";
				LD_RUNPATH_SEARCH_PATHS = (
					"$(inherited)",
					"@executable_path/Frameworks",
				);
				MARKETING_VERSION = 1.0;
				PRODUCT_BUNDLE_IDENTIFIER = "com.ismailackyurek.siparisVer-Cell";
				PRODUCT_NAME = "$(TARGET_NAME)";
				SWIFT_EMIT_LOC_STRINGS = YES;
				SWIFT_VERSION = 5.0;
				TARGETED_DEVICE_FAMILY = "1,2";
			};
			name = Release;
		};
/* End XCBuildConfiguration section */

/* Begin XCConfigurationList section */
		442A8F49281087BF00EFC52B /* Build configuration list for PBXProject "siparisVer-Cell" */ = {
			isa = XCConfigurationList;
			buildConfigurations = (
				442A8F60281087C000EFC52B /* Debug */,
				442A8F61281087C000EFC52B /* Release */,
			);
			defaultConfigurationIsVisible = 0;
			defaultConfigurationName = Release;
		};
		442A8F62281087C000EFC52B /* Build configuration list for PBXNativeTarget "siparisVer-Cell" */ = {
			isa = XCConfigurationList;
			buildConfigurations = (
				442A8F63281087C000EFC52B /* Debug */,
				442A8F64281087C000EFC52B /* Release */,
			);
			defaultConfigurationIsVisible = 0;
			defaultConfigurationName = Release;
		};
/* End XCConfigurationList section */
	};
	rootObject = 442A8F46281087BF00EFC52B /* Project object */;
}
